
Microsoft Visual Studio Solution File, Format Version 12.00
# Visual Studio Version 17
VisualStudioVersion = 17.5.33530.505
MinimumVisualStudioVersion = 10.0.40219.1
Project("{FAE04EC0-301F-11D3-BF4B-00C04F79EFBC}") = "HrApi", "HrApi\HrApi.csproj", "{5838AE68-9DE4-4EC0-ADFD-871C828ABE9C}"
EndProject
Global
	GlobalSection(SolutionConfigurationPlatforms) = preSolution
		Debug|Any CPU = Debug|Any CPU
		Release|Any CPU = Release|Any CPU
	EndGlobalSection
	GlobalSection(ProjectConfigurationPlatforms) = postSolution
		{5838AE68-9DE4-4EC0-ADFD-871C828ABE9C}.Debug|Any CPU.ActiveCfg = Debug|Any CPU
		{5838AE68-9DE4-4EC0-ADFD-871C828ABE9C}.Debug|Any CPU.Build.0 = Debug|Any CPU
		{5838AE68-9DE4-4EC0-ADFD-871C828ABE9C}.Release|Any CPU.ActiveCfg = Release|Any CPU
		{5838AE68-9DE4-4EC0-ADFD-871C828ABE9C}.Release|Any CPU.Build.0 = Release|Any CPU
	EndGlobalSection
	GlobalSection(SolutionProperties) = preSolution
		HideSolutionNode = FALSE
	EndGlobalSection
	GlobalSection(ExtensibilityGlobals) = postSolution
		SolutionGuid = {4A9792EF-1092-4A43-898C-0D938841E60E}
	EndGlobalSection
EndGlobal
